
Microsoft Visual Studio Solution File, Format Version 12.00
# Visual Studio Version 17
VisualStudioVersion = 17.0.31903.59
MinimumVisualStudioVersion = 10.0.40219.1
Project("{2150E333-8FDC-42A3-9474-1A3956D46DE8}") = "services", "services", "{8983DC8B-852A-48EE-8619-5AFC82465D10}"
EndProject
Project("{FAE04EC0-301F-11D3-BF4B-00C04F79EFBC}") = "coupon-service", "services\coupon-service\coupon-service.csproj", "{9243A979-0967-4745-8697-CA3F29AE73D5}"
EndProject
Project("{FAE04EC0-301F-11D3-BF4B-00C04F79EFBC}") = "client", "client\client.csproj", "{803F7DB6-3A93-4E11-BD97-42B1C8DAC2EA}"
EndProject
Project("{FAE04EC0-301F-11D3-BF4B-00C04F79EFBC}") = "auth-service", "services\auth-service\auth-service.csproj", "{435CA72D-78F0-4B6B-9039-E89894C9BBFE}"
EndProject
Project("{FAE04EC0-301F-11D3-BF4B-00C04F79EFBC}") = "product-service", "services\product-service\product-service.csproj", "{36BA6695-6D33-458D-91A9-D0D1165209B4}"
EndProject
Project("{FAE04EC0-301F-11D3-BF4B-00C04F79EFBC}") = "shoppingCart-service", "services\shoppingCart-service\shoppingCart-service.csproj", "{DC7198AE-228C-4B8C-B943-D6AD119DA340}"
EndProject
Project("{2150E333-8FDC-42A3-9474-1A3956D46DE8}") = "integration", "integration", "{3C8EBB9A-2039-4AD6-9A84-A69E4A140071}"
EndProject
Project("{FAE04EC0-301F-11D3-BF4B-00C04F79EFBC}") = "message-bus", "integration\message-bus\message-bus.csproj", "{C52D44F6-7810-4999-8324-6DB964A56EB2}"
EndProject
Global
	GlobalSection(SolutionConfigurationPlatforms) = preSolution
		Debug|Any CPU = Debug|Any CPU
		Release|Any CPU = Release|Any CPU
	EndGlobalSection
	GlobalSection(SolutionProperties) = preSolution
		HideSolutionNode = FALSE
	EndGlobalSection
	GlobalSection(ProjectConfigurationPlatforms) = postSolution
		{9243A979-0967-4745-8697-CA3F29AE73D5}.Debug|Any CPU.ActiveCfg = Debug|Any CPU
		{9243A979-0967-4745-8697-CA3F29AE73D5}.Debug|Any CPU.Build.0 = Debug|Any CPU
		{9243A979-0967-4745-8697-CA3F29AE73D5}.Release|Any CPU.ActiveCfg = Release|Any CPU
		{9243A979-0967-4745-8697-CA3F29AE73D5}.Release|Any CPU.Build.0 = Release|Any CPU
		{803F7DB6-3A93-4E11-BD97-42B1C8DAC2EA}.Debug|Any CPU.ActiveCfg = Debug|Any CPU
		{803F7DB6-3A93-4E11-BD97-42B1C8DAC2EA}.Debug|Any CPU.Build.0 = Debug|Any CPU
		{803F7DB6-3A93-4E11-BD97-42B1C8DAC2EA}.Release|Any CPU.ActiveCfg = Release|Any CPU
		{803F7DB6-3A93-4E11-BD97-42B1C8DAC2EA}.Release|Any CPU.Build.0 = Release|Any CPU
		{435CA72D-78F0-4B6B-9039-E89894C9BBFE}.Debug|Any CPU.ActiveCfg = Debug|Any CPU
		{435CA72D-78F0-4B6B-9039-E89894C9BBFE}.Debug|Any CPU.Build.0 = Debug|Any CPU
		{435CA72D-78F0-4B6B-9039-E89894C9BBFE}.Release|Any CPU.ActiveCfg = Release|Any CPU
		{435CA72D-78F0-4B6B-9039-E89894C9BBFE}.Release|Any CPU.Build.0 = Release|Any CPU
		{36BA6695-6D33-458D-91A9-D0D1165209B4}.Debug|Any CPU.ActiveCfg = Debug|Any CPU
		{36BA6695-6D33-458D-91A9-D0D1165209B4}.Debug|Any CPU.Build.0 = Debug|Any CPU
		{36BA6695-6D33-458D-91A9-D0D1165209B4}.Release|Any CPU.ActiveCfg = Release|Any CPU
		{36BA6695-6D33-458D-91A9-D0D1165209B4}.Release|Any CPU.Build.0 = Release|Any CPU
		{DC7198AE-228C-4B8C-B943-D6AD119DA340}.Debug|Any CPU.ActiveCfg = Debug|Any CPU
		{DC7198AE-228C-4B8C-B943-D6AD119DA340}.Debug|Any CPU.Build.0 = Debug|Any CPU
		{DC7198AE-228C-4B8C-B943-D6AD119DA340}.Release|Any CPU.ActiveCfg = Release|Any CPU
		{DC7198AE-228C-4B8C-B943-D6AD119DA340}.Release|Any CPU.Build.0 = Release|Any CPU
		{C52D44F6-7810-4999-8324-6DB964A56EB2}.Debug|Any CPU.ActiveCfg = Debug|Any CPU
		{C52D44F6-7810-4999-8324-6DB964A56EB2}.Debug|Any CPU.Build.0 = Debug|Any CPU
		{C52D44F6-7810-4999-8324-6DB964A56EB2}.Release|Any CPU.ActiveCfg = Release|Any CPU
		{C52D44F6-7810-4999-8324-6DB964A56EB2}.Release|Any CPU.Build.0 = Release|Any CPU
	EndGlobalSection
	GlobalSection(NestedProjects) = preSolution
		{9243A979-0967-4745-8697-CA3F29AE73D5} = {8983DC8B-852A-48EE-8619-5AFC82465D10}
		{435CA72D-78F0-4B6B-9039-E89894C9BBFE} = {8983DC8B-852A-48EE-8619-5AFC82465D10}
		{36BA6695-6D33-458D-91A9-D0D1165209B4} = {8983DC8B-852A-48EE-8619-5AFC82465D10}
		{DC7198AE-228C-4B8C-B943-D6AD119DA340} = {8983DC8B-852A-48EE-8619-5AFC82465D10}
		{C52D44F6-7810-4999-8324-6DB964A56EB2} = {3C8EBB9A-2039-4AD6-9A84-A69E4A140071}
	EndGlobalSection
EndGlobal
